
Microsoft Visual Studio Solution File, Format Version 12.00
# Visual Studio Version 16
VisualStudioVersion = 16.0.31205.134
MinimumVisualStudioVersion = 10.0.40219.1
Project("{9A19103F-16F7-4668-BE54-9A1E7A4F7556}") = "EXO1", "EXO1.csproj", "{56A910C8-3489-4788-AF65-B8A1D5A8A21F}"
EndProject
Project("{9A19103F-16F7-4668-BE54-9A1E7A4F7556}") = "EXO2", "..\EXO2\EXO2.csproj", "{4A8490C0-29E0-4ACC-A2CB-1314D4E285D7}"
EndProject
Project("{9A19103F-16F7-4668-BE54-9A1E7A4F7556}") = "anneeBisextileOrNot", "..\anneeBisextileOrNot\anneeBisextileOrNot.csproj", "{63FF366F-E1DF-4C10-8289-656A6DCBFF7A}"
EndProject
Project("{9A19103F-16F7-4668-BE54-9A1E7A4F7556}") = "exoValeurAbsolue", "..\exoValeurAbsolue\exoValeurAbsolue.csproj", "{01D45C56-4E84-47D8-9D7D-7221F4EEC168}"
EndProject
Project("{FAE04EC0-301F-11D3-BF4B-00C04F79EFBC}") = "equationPremierDegre", "..\equationPremierDegre\equationPremierDegre.csproj", "{E19D0E18-1382-4433-BE14-3AD285229C70}"
EndProject
Project("{2150E333-8FDC-42A3-9474-1A3956D46DE8}") = "EXO", "EXO", "{AF7B7957-210A-478E-9757-7DE083BB1BF2}"
EndProject
Project("{FAE04EC0-301F-11D3-BF4B-00C04F79EFBC}") = "UnitTestProjectEXO2", "..\UnitTestProjectEXO2\UnitTestProjectEXO2.csproj", "{DDBE7E1D-FFFF-4796-8F8E-EB6157C93D0E}"
EndProject
Project("{FAE04EC0-301F-11D3-BF4B-00C04F79EFBC}") = "EXO2.1", "..\EXO2.1\EXO2.1.csproj", "{50094A56-0ED2-4770-BE81-833B53A7B220}"
EndProject
Project("{FAE04EC0-301F-11D3-BF4B-00C04F79EFBC}") = "jourDeSemaine", "..\jourDeSemaine\jourDeSemaine.csproj", "{F1D30EF3-9D7E-49EB-B1FB-D62477661932}"
EndProject
Global
	GlobalSection(SolutionConfigurationPlatforms) = preSolution
		Debug|Any CPU = Debug|Any CPU
		Release|Any CPU = Release|Any CPU
	EndGlobalSection
	GlobalSection(ProjectConfigurationPlatforms) = postSolution
		{56A910C8-3489-4788-AF65-B8A1D5A8A21F}.Debug|Any CPU.ActiveCfg = Debug|Any CPU
		{56A910C8-3489-4788-AF65-B8A1D5A8A21F}.Debug|Any CPU.Build.0 = Debug|Any CPU
		{56A910C8-3489-4788-AF65-B8A1D5A8A21F}.Release|Any CPU.ActiveCfg = Release|Any CPU
		{56A910C8-3489-4788-AF65-B8A1D5A8A21F}.Release|Any CPU.Build.0 = Release|Any CPU
		{4A8490C0-29E0-4ACC-A2CB-1314D4E285D7}.Debug|Any CPU.ActiveCfg = Debug|Any CPU
		{4A8490C0-29E0-4ACC-A2CB-1314D4E285D7}.Debug|Any CPU.Build.0 = Debug|Any CPU
		{4A8490C0-29E0-4ACC-A2CB-1314D4E285D7}.Release|Any CPU.ActiveCfg = Release|Any CPU
		{4A8490C0-29E0-4ACC-A2CB-1314D4E285D7}.Release|Any CPU.Build.0 = Release|Any CPU
		{63FF366F-E1DF-4C10-8289-656A6DCBFF7A}.Debug|Any CPU.ActiveCfg = Debug|Any CPU
		{63FF366F-E1DF-4C10-8289-656A6DCBFF7A}.Debug|Any CPU.Build.0 = Debug|Any CPU
		{63FF366F-E1DF-4C10-8289-656A6DCBFF7A}.Release|Any CPU.ActiveCfg = Release|Any CPU
		{63FF366F-E1DF-4C10-8289-656A6DCBFF7A}.Release|Any CPU.Build.0 = Release|Any CPU
		{01D45C56-4E84-47D8-9D7D-7221F4EEC168}.Debug|Any CPU.ActiveCfg = Debug|Any CPU
		{01D45C56-4E84-47D8-9D7D-7221F4EEC168}.Debug|Any CPU.Build.0 = Debug|Any CPU
		{01D45C56-4E84-47D8-9D7D-7221F4EEC168}.Release|Any CPU.ActiveCfg = Release|Any CPU
		{01D45C56-4E84-47D8-9D7D-7221F4EEC168}.Release|Any CPU.Build.0 = Release|Any CPU
		{E19D0E18-1382-4433-BE14-3AD285229C70}.Debug|Any CPU.ActiveCfg = Debug|Any CPU
		{E19D0E18-1382-4433-BE14-3AD285229C70}.Debug|Any CPU.Build.0 = Debug|Any CPU
		{E19D0E18-1382-4433-BE14-3AD285229C70}.Release|Any CPU.ActiveCfg = Release|Any CPU
		{E19D0E18-1382-4433-BE14-3AD285229C70}.Release|Any CPU.Build.0 = Release|Any CPU
		{DDBE7E1D-FFFF-4796-8F8E-EB6157C93D0E}.Debug|Any CPU.ActiveCfg = Debug|Any CPU
		{DDBE7E1D-FFFF-4796-8F8E-EB6157C93D0E}.Debug|Any CPU.Build.0 = Debug|Any CPU
		{DDBE7E1D-FFFF-4796-8F8E-EB6157C93D0E}.Release|Any CPU.ActiveCfg = Release|Any CPU
		{DDBE7E1D-FFFF-4796-8F8E-EB6157C93D0E}.Release|Any CPU.Build.0 = Release|Any CPU
		{50094A56-0ED2-4770-BE81-833B53A7B220}.Debug|Any CPU.ActiveCfg = Debug|Any CPU
		{50094A56-0ED2-4770-BE81-833B53A7B220}.Debug|Any CPU.Build.0 = Debug|Any CPU
		{50094A56-0ED2-4770-BE81-833B53A7B220}.Release|Any CPU.ActiveCfg = Release|Any CPU
		{50094A56-0ED2-4770-BE81-833B53A7B220}.Release|Any CPU.Build.0 = Release|Any CPU
		{F1D30EF3-9D7E-49EB-B1FB-D62477661932}.Debug|Any CPU.ActiveCfg = Debug|Any CPU
		{F1D30EF3-9D7E-49EB-B1FB-D62477661932}.Debug|Any CPU.Build.0 = Debug|Any CPU
		{F1D30EF3-9D7E-49EB-B1FB-D62477661932}.Release|Any CPU.ActiveCfg = Release|Any CPU
		{F1D30EF3-9D7E-49EB-B1FB-D62477661932}.Release|Any CPU.Build.0 = Release|Any CPU
	EndGlobalSection
	GlobalSection(SolutionProperties) = preSolution
		HideSolutionNode = FALSE
	EndGlobalSection
	GlobalSection(NestedProjects) = preSolution
		{4A8490C0-29E0-4ACC-A2CB-1314D4E285D7} = {AF7B7957-210A-478E-9757-7DE083BB1BF2}
		{DDBE7E1D-FFFF-4796-8F8E-EB6157C93D0E} = {AF7B7957-210A-478E-9757-7DE083BB1BF2}
		{50094A56-0ED2-4770-BE81-833B53A7B220} = {AF7B7957-210A-478E-9757-7DE083BB1BF2}
		{F1D30EF3-9D7E-49EB-B1FB-D62477661932} = {AF7B7957-210A-478E-9757-7DE083BB1BF2}
	EndGlobalSection
	GlobalSection(ExtensibilityGlobals) = postSolution
		SolutionGuid = {AC587481-74EC-41E4-B0C5-304E1C6DEEB6}
	EndGlobalSection
EndGlobal
